
Microsoft Visual Studio Solution File, Format Version 12.00
# Visual Studio Version 17
VisualStudioVersion = 17.14.36518.9 d17.14
MinimumVisualStudioVersion = 10.0.40219.1
Project("{FAE04EC0-301F-11D3-BF4B-00C04F79EFBC}") = "Employee_Management_System", "Employee_Management_System\Employee_Management_System.csproj", "{5C03C926-6E54-4F05-8F90-1BC0F1E937BC}"
EndProject
Global
	GlobalSection(SolutionConfigurationPlatforms) = preSolution
		Debug|Any CPU = Debug|Any CPU
		Release|Any CPU = Release|Any CPU
	EndGlobalSection
	GlobalSection(ProjectConfigurationPlatforms) = postSolution
		{5C03C926-6E54-4F05-8F90-1BC0F1E937BC}.Debug|Any CPU.ActiveCfg = Debug|Any CPU
		{5C03C926-6E54-4F05-8F90-1BC0F1E937BC}.Debug|Any CPU.Build.0 = Debug|Any CPU
		{5C03C926-6E54-4F05-8F90-1BC0F1E937BC}.Release|Any CPU.ActiveCfg = Release|Any CPU
		{5C03C926-6E54-4F05-8F90-1BC0F1E937BC}.Release|Any CPU.Build.0 = Release|Any CPU
	EndGlobalSection
	GlobalSection(SolutionProperties) = preSolution
		HideSolutionNode = FALSE
	EndGlobalSection
	GlobalSection(ExtensibilityGlobals) = postSolution
		SolutionGuid = {B7464B1F-600C-4793-8C2B-5A43EAF9E77D}
	EndGlobalSection
EndGlobal
